
Microsoft Visual Studio Solution File, Format Version 12.00
# Visual Studio Version 17
VisualStudioVersion = 17.0.32112.339
MinimumVisualStudioVersion = 10.0.40219.1
Project("{FAE04EC0-301F-11D3-BF4B-00C04F79EFBC}") = "Library Control", "Library Control\Library Control.csproj", "{7ACCDD27-9C98-437F-9A83-E8C39DFF9871}"
EndProject
Global
	GlobalSection(SolutionConfigurationPlatforms) = preSolution
		Debug|Any CPU = Debug|Any CPU
		Release|Any CPU = Release|Any CPU
	EndGlobalSection
	GlobalSection(ProjectConfigurationPlatforms) = postSolution
		{7ACCDD27-9C98-437F-9A83-E8C39DFF9871}.Debug|Any CPU.ActiveCfg = Debug|Any CPU
		{7ACCDD27-9C98-437F-9A83-E8C39DFF9871}.Debug|Any CPU.Build.0 = Debug|Any CPU
		{7ACCDD27-9C98-437F-9A83-E8C39DFF9871}.Release|Any CPU.ActiveCfg = Release|Any CPU
		{7ACCDD27-9C98-437F-9A83-E8C39DFF9871}.Release|Any CPU.Build.0 = Release|Any CPU
	EndGlobalSection
	GlobalSection(SolutionProperties) = preSolution
		HideSolutionNode = FALSE
	EndGlobalSection
	GlobalSection(ExtensibilityGlobals) = postSolution
		SolutionGuid = {97ECBDE8-CA11-4AEB-B1ED-4BEC564C3871}
	EndGlobalSection
EndGlobal
